// !$*UTF8*$!
{
	archiveVersion = 1;
	classes = {
	};
	objectVersion = 56;
	objects = {

/* Begin PBXBuildFile section */
		A4E00C762B6B9CFC00586840 /* AppDelegate.swift in Sources */ = {isa = PBXBuildFile; fileRef = A4E00C752B6B9CFC00586840 /* AppDelegate.swift */; };
		A4E00C782B6B9CFC00586840 /* SceneDelegate.swift in Sources */ = {isa = PBXBuildFile; fileRef = A4E00C772B6B9CFC00586840 /* SceneDelegate.swift */; };
		A4E00C7A2B6B9CFC00586840 /* ViewController.swift in Sources */ = {isa = PBXBuildFile; fileRef = A4E00C792B6B9CFC00586840 /* ViewController.swift */; };
		A4E00C7D2B6B9CFC00586840 /* Main.storyboard in Resources */ = {isa = PBXBuildFile; fileRef = A4E00C7B2B6B9CFC00586840 /* Main.storyboard */; };
		A4E00C7F2B6B9CFD00586840 /* Assets.xcassets in Resources */ = {isa = PBXBuildFile; fileRef = A4E00C7E2B6B9CFD00586840 /* Assets.xcassets */; };
		A4E00C822B6B9CFD00586840 /* LaunchScreen.storyboard in Resources */ = {isa = PBXBuildFile; fileRef = A4E00C802B6B9CFD00586840 /* LaunchScreen.storyboard */; };
		A4E00C8D2B6B9CFD00586840 /* Appcircle_Test_iOSTests.swift in Sources */ = {isa = PBXBuildFile; fileRef = A4E00C8C2B6B9CFD00586840 /* Appcircle_Test_iOSTests.swift */; };
		A4E00C972B6B9CFD00586840 /* Appcircle_Test_iOSUITests.swift in Sources */ = {isa = PBXBuildFile; fileRef = A4E00C962B6B9CFD00586840 /* Appcircle_Test_iOSUITests.swift */; };
		A4E00C992B6B9CFD00586840 /* Appcircle_Test_iOSUITestsLaunchTests.swift in Sources */ = {isa = PBXBuildFile; fileRef = A4E00C982B6B9CFD00586840 /* Appcircle_Test_iOSUITestsLaunchTests.swift */; };
/* End PBXBuildFile section */

/* Begin PBXContainerItemProxy section */
		A4E00C892B6B9CFD00586840 /* PBXContainerItemProxy */ = {
			isa = PBXContainerItemProxy;
			containerPortal = A4E00C6A2B6B9CFC00586840 /* Project object */;
			proxyType = 1;
			remoteGlobalIDString = A4E00C712B6B9CFC00586840;
			remoteInfo = "Appcircle-Test-iOS";
		};
		A4E00C932B6B9CFD00586840 /* PBXContainerItemProxy */ = {
			isa = PBXContainerItemProxy;
			containerPortal = A4E00C6A2B6B9CFC00586840 /* Project object */;
			proxyType = 1;
			remoteGlobalIDString = A4E00C712B6B9CFC00586840;
			remoteInfo = "Appcircle-Test-iOS";
		};
/* End PBXContainerItemProxy section */

/* Begin PBXFileReference section */
		A4E00C722B6B9CFC00586840 /* Appcircle-Test-iOS.app */ = {isa = PBXFileReference; explicitFileType = wrapper.application; includeInIndex = 0; path = "Appcircle-Test-iOS.app"; sourceTree = BUILT_PRODUCTS_DIR; };
		A4E00C752B6B9CFC00586840 /* AppDelegate.swift */ = {isa = PBXFileReference; lastKnownFileType = sourcecode.swift; path = AppDelegate.swift; sourceTree = "<group>"; };
		A4E00C772B6B9CFC00586840 /* SceneDelegate.swift */ = {isa = PBXFileReference; lastKnownFileType = sourcecode.swift; path = SceneDelegate.swift; sourceTree = "<group>"; };
		A4E00C792B6B9CFC00586840 /* ViewController.swift */ = {isa = PBXFileReference; lastKnownFileType = sourcecode.swift; path = ViewController.swift; sourceTree = "<group>"; };
		A4E00C7C2B6B9CFC00586840 /* Base */ = {isa = PBXFileReference; lastKnownFileType = file.storyboard; name = Base; path = Base.lproj/Main.storyboard; sourceTree = "<group>"; };
		A4E00C7E2B6B9CFD00586840 /* Assets.xcassets */ = {isa = PBXFileReference; lastKnownFileType = folder.assetcatalog; path = Assets.xcassets; sourceTree = "<group>"; };
		A4E00C812B6B9CFD00586840 /* Base */ = {isa = PBXFileReference; lastKnownFileType = file.storyboard; name = Base; path = Base.lproj/LaunchScreen.storyboard; sourceTree = "<group>"; };
		A4E00C832B6B9CFD00586840 /* Info.plist */ = {isa = PBXFileReference; lastKnownFileType = text.plist.xml; path = Info.plist; sourceTree = "<group>"; };
		A4E00C882B6B9CFD00586840 /* Appcircle-Test-iOSTests.xctest */ = {isa = PBXFileReference; explicitFileType = wrapper.cfbundle; includeInIndex = 0; path = "Appcircle-Test-iOSTests.xctest"; sourceTree = BUILT_PRODUCTS_DIR; };
		A4E00C8C2B6B9CFD00586840 /* Appcircle_Test_iOSTests.swift */ = {isa = PBXFileReference; lastKnownFileType = sourcecode.swift; path = Appcircle_Test_iOSTests.swift; sourceTree = "<group>"; };
		A4E00C922B6B9CFD00586840 /* Appcircle-Test-iOSUITests.xctest */ = {isa = PBXFileReference; explicitFileType = wrapper.cfbundle; includeInIndex = 0; path = "Appcircle-Test-iOSUITests.xctest"; sourceTree = BUILT_PRODUCTS_DIR; };
		A4E00C962B6B9CFD00586840 /* Appcircle_Test_iOSUITests.swift */ = {isa = PBXFileReference; lastKnownFileType = sourcecode.swift; path = Appcircle_Test_iOSUITests.swift; sourceTree = "<group>"; };
		A4E00C982B6B9CFD00586840 /* Appcircle_Test_iOSUITestsLaunchTests.swift */ = {isa = PBXFileReference; lastKnownFileType = sourcecode.swift; path = Appcircle_Test_iOSUITestsLaunchTests.swift; sourceTree = "<group>"; };
/* End PBXFileReference section */

/* Begin PBXFrameworksBuildPhase section */
		A4E00C6F2B6B9CFC00586840 /* Frameworks */ = {
			isa = PBXFrameworksBuildPhase;
			buildActionMask = 2147483647;
			files = (
			);
			runOnlyForDeploymentPostprocessing = 0;
		};
		A4E00C852B6B9CFD00586840 /* Frameworks */ = {
			isa = PBXFrameworksBuildPhase;
			buildActionMask = 2147483647;
			files = (
			);
			runOnlyForDeploymentPostprocessing = 0;
		};
		A4E00C8F2B6B9CFD00586840 /* Frameworks */ = {
			isa = PBXFrameworksBuildPhase;
			buildActionMask = 2147483647;
			files = (
			);
			runOnlyForDeploymentPostprocessing = 0;
		};
/* End PBXFrameworksBuildPhase section */

/* Begin PBXGroup section */
		A4E00C692B6B9CFC00586840 = {
			isa = PBXGroup;
			children = (
				A4E00C742B6B9CFC00586840 /* Appcircle-Test-iOS */,
				A4E00C8B2B6B9CFD00586840 /* Appcircle-Test-iOSTests */,
				A4E00C952B6B9CFD00586840 /* Appcircle-Test-iOSUITests */,
				A4E00C732B6B9CFC00586840 /* Products */,
			);
			sourceTree = "<group>";
		};
		A4E00C732B6B9CFC00586840 /* Products */ = {
			isa = PBXGroup;
			children = (
				A4E00C722B6B9CFC00586840 /* Appcircle-Test-iOS.app */,
				A4E00C882B6B9CFD00586840 /* Appcircle-Test-iOSTests.xctest */,
				A4E00C922B6B9CFD00586840 /* Appcircle-Test-iOSUITests.xctest */,
			);
			name = Products;
			sourceTree = "<group>";
		};
		A4E00C742B6B9CFC00586840 /* Appcircle-Test-iOS */ = {
			isa = PBXGroup;
			children = (
				A4E00C752B6B9CFC00586840 /* AppDelegate.swift */,
				A4E00C772B6B9CFC00586840 /* SceneDelegate.swift */,
				A4E00C792B6B9CFC00586840 /* ViewController.swift */,
				A4E00C7B2B6B9CFC00586840 /* Main.storyboard */,
				A4E00C7E2B6B9CFD00586840 /* Assets.xcassets */,
				A4E00C802B6B9CFD00586840 /* LaunchScreen.storyboard */,
				A4E00C832B6B9CFD00586840 /* Info.plist */,
			);
			path = "Appcircle-Test-iOS";
			sourceTree = "<group>";
		};
		A4E00C8B2B6B9CFD00586840 /* Appcircle-Test-iOSTests */ = {
			isa = PBXGroup;
			children = (
				A4E00C8C2B6B9CFD00586840 /* Appcircle_Test_iOSTests.swift */,
			);
			path = "Appcircle-Test-iOSTests";
			sourceTree = "<group>";
		};
		A4E00C952B6B9CFD00586840 /* Appcircle-Test-iOSUITests */ = {
			isa = PBXGroup;
			children = (
				A4E00C962B6B9CFD00586840 /* Appcircle_Test_iOSUITests.swift */,
				A4E00C982B6B9CFD00586840 /* Appcircle_Test_iOSUITestsLaunchTests.swift */,
			);
			path = "Appcircle-Test-iOSUITests";
			sourceTree = "<group>";
		};
/* End PBXGroup section */

/* Begin PBXNativeTarget section */
		A4E00C712B6B9CFC00586840 /* Appcircle-Test-iOS */ = {
			isa = PBXNativeTarget;
			buildConfigurationList = A4E00C9C2B6B9CFD00586840 /* Build configuration list for PBXNativeTarget "Appcircle-Test-iOS" */;
			buildPhases = (
				A4E00C6E2B6B9CFC00586840 /* Sources */,
				A4E00C6F2B6B9CFC00586840 /* Frameworks */,
				A4E00C702B6B9CFC00586840 /* Resources */,
			);
			buildRules = (
			);
			dependencies = (
			);
			name = "Appcircle-Test-iOS";
			productName = "Appcircle-Test-iOS";
			productReference = A4E00C722B6B9CFC00586840 /* Appcircle-Test-iOS.app */;
			productType = "com.apple.product-type.application";
		};
		A4E00C872B6B9CFD00586840 /* Appcircle-Test-iOSTests */ = {
			isa = PBXNativeTarget;
			buildConfigurationList = A4E00C9F2B6B9CFD00586840 /* Build configuration list for PBXNativeTarget "Appcircle-Test-iOSTests" */;
			buildPhases = (
				A4E00C842B6B9CFD00586840 /* Sources */,
				A4E00C852B6B9CFD00586840 /* Frameworks */,
				A4E00C862B6B9CFD00586840 /* Resources */,
			);
			buildRules = (
			);
			dependencies = (
				A4E00C8A2B6B9CFD00586840 /* PBXTargetDependency */,
			);
			name = "Appcircle-Test-iOSTests";
			productName = "Appcircle-Test-iOSTests";
			productReference = A4E00C882B6B9CFD00586840 /* Appcircle-Test-iOSTests.xctest */;
			productType = "com.apple.product-type.bundle.unit-test";
		};
		A4E00C912B6B9CFD00586840 /* Appcircle-Test-iOSUITests */ = {
			isa = PBXNativeTarget;
			buildConfigurationList = A4E00CA22B6B9CFD00586840 /* Build configuration list for PBXNativeTarget "Appcircle-Test-iOSUITests" */;
			buildPhases = (
				A4E00C8E2B6B9CFD00586840 /* Sources */,
				A4E00C8F2B6B9CFD00586840 /* Frameworks */,
				A4E00C902B6B9CFD00586840 /* Resources */,
			);
			buildRules = (
			);
			dependencies = (
				A4E00C942B6B9CFD00586840 /* PBXTargetDependency */,
			);
			name = "Appcircle-Test-iOSUITests";
			productName = "Appcircle-Test-iOSUITests";
			productReference = A4E00C922B6B9CFD00586840 /* Appcircle-Test-iOSUITests.xctest */;
			productType = "com.apple.product-type.bundle.ui-testing";
		};
/* End PBXNativeTarget section */

/* Begin PBXProject section */
		A4E00C6A2B6B9CFC00586840 /* Project object */ = {
			isa = PBXProject;
			attributes = {
				BuildIndependentTargetsInParallel = 1;
				LastSwiftUpdateCheck = 1420;
				LastUpgradeCheck = 1420;
				TargetAttributes = {
					A4E00C712B6B9CFC00586840 = {
						CreatedOnToolsVersion = 14.2;
					};
					A4E00C872B6B9CFD00586840 = {
						CreatedOnToolsVersion = 14.2;
						TestTargetID = A4E00C712B6B9CFC00586840;
					};
					A4E00C912B6B9CFD00586840 = {
						CreatedOnToolsVersion = 14.2;
						TestTargetID = A4E00C712B6B9CFC00586840;
					};
				};
			};
			buildConfigurationList = A4E00C6D2B6B9CFC00586840 /* Build configuration list for PBXProject "Appcircle-Test-iOS" */;
			compatibilityVersion = "Xcode 14.0";
			developmentRegion = en;
			hasScannedForEncodings = 0;
			knownRegions = (
				en,
				Base,
			);
			mainGroup = A4E00C692B6B9CFC00586840;
			productRefGroup = A4E00C732B6B9CFC00586840 /* Products */;
			projectDirPath = "";
			projectRoot = "";
			targets = (
				A4E00C712B6B9CFC00586840 /* Appcircle-Test-iOS */,
				A4E00C872B6B9CFD00586840 /* Appcircle-Test-iOSTests */,
				A4E00C912B6B9CFD00586840 /* Appcircle-Test-iOSUITests */,
			);
		};
/* End PBXProject section */

/* Begin PBXResourcesBuildPhase section */
		A4E00C702B6B9CFC00586840 /* Resources */ = {
			isa = PBXResourcesBuildPhase;
			buildActionMask = 2147483647;
			files = (
				A4E00C822B6B9CFD00586840 /* LaunchScreen.storyboard in Resources */,
				A4E00C7F2B6B9CFD00586840 /* Assets.xcassets in Resources */,
				A4E00C7D2B6B9CFC00586840 /* Main.storyboard in Resources */,
			);
			runOnlyForDeploymentPostprocessing = 0;
		};
		A4E00C862B6B9CFD00586840 /* Resources */ = {
			isa = PBXResourcesBuildPhase;
			buildActionMask = 2147483647;
			files = (
			);
			runOnlyForDeploymentPostprocessing = 0;
		};
		A4E00C902B6B9CFD00586840 /* Resources */ = {
			isa = PBXResourcesBuildPhase;
			buildActionMask = 2147483647;
			files = (
			);
			runOnlyForDeploymentPostprocessing = 0;
		};
/* End PBXResourcesBuildPhase section */

/* Begin PBXSourcesBuildPhase section */
		A4E00C6E2B6B9CFC00586840 /* Sources */ = {
			isa = PBXSourcesBuildPhase;
			buildActionMask = 2147483647;
			files = (
				A4E00C7A2B6B9CFC00586840 /* ViewController.swift in Sources */,
				A4E00C762B6B9CFC00586840 /* AppDelegate.swift in Sources */,
				A4E00C782B6B9CFC00586840 /* SceneDelegate.swift in Sources */,
			);
			runOnlyForDeploymentPostprocessing = 0;
		};
		A4E00C842B6B9CFD00586840 /* Sources */ = {
			isa = PBXSourcesBuildPhase;
			buildActionMask = 2147483647;
			files = (
				A4E00C8D2B6B9CFD00586840 /* Appcircle_Test_iOSTests.swift in Sources */,
			);
			runOnlyForDeploymentPostprocessing = 0;
		};
		A4E00C8E2B6B9CFD00586840 /* Sources */ = {
			isa = PBXSourcesBuildPhase;
			buildActionMask = 2147483647;
			files = (
				A4E00C992B6B9CFD00586840 /* Appcircle_Test_iOSUITestsLaunchTests.swift in Sources */,
				A4E00C972B6B9CFD00586840 /* Appcircle_Test_iOSUITests.swift in Sources */,
			);
			runOnlyForDeploymentPostprocessing = 0;
		};
/* End PBXSourcesBuildPhase section */

/* Begin PBXTargetDependency section */
		A4E00C8A2B6B9CFD00586840 /* PBXTargetDependency */ = {
			isa = PBXTargetDependency;
			target = A4E00C712B6B9CFC00586840 /* Appcircle-Test-iOS */;
			targetProxy = A4E00C892B6B9CFD00586840 /* PBXContainerItemProxy */;
		};
		A4E00C942B6B9CFD00586840 /* PBXTargetDependency */ = {
			isa = PBXTargetDependency;
			target = A4E00C712B6B9CFC00586840 /* Appcircle-Test-iOS */;
			targetProxy = A4E00C932B6B9CFD00586840 /* PBXContainerItemProxy */;
		};
/* End PBXTargetDependency section */

/* Begin PBXVariantGroup section */
		A4E00C7B2B6B9CFC00586840 /* Main.storyboard */ = {
			isa = PBXVariantGroup;
			children = (
				A4E00C7C2B6B9CFC00586840 /* Base */,
			);
			name = Main.storyboard;
			sourceTree = "<group>";
		};
		A4E00C802B6B9CFD00586840 /* LaunchScreen.storyboard */ = {
			isa = PBXVariantGroup;
			children = (
				A4E00C812B6B9CFD00586840 /* Base */,
			);
			name = LaunchScreen.storyboard;
			sourceTree = "<group>";
		};
/* End PBXVariantGroup section */

/* Begin XCBuildConfiguration section */
		A4E00C9A2B6B9CFD00586840 /* Debug */ = {
			isa = XCBuildConfiguration;
			buildSettings = {
				ALWAYS_SEARCH_USER_PATHS = NO;
				CLANG_ANALYZER_NONNULL = YES;
				CLANG_ANALYZER_NUMBER_OBJECT_CONVERSION = YES_AGGRESSIVE;
				CLANG_CXX_LANGUAGE_STANDARD = "gnu++20";
				CLANG_ENABLE_MODULES = YES;
				CLANG_ENABLE_OBJC_ARC = YES;
				CLANG_ENABLE_OBJC_WEAK = YES;
				CLANG_WARN_BLOCK_CAPTURE_AUTORELEASING = YES;
				CLANG_WARN_BOOL_CONVERSION = YES;
				CLANG_WARN_COMMA = YES;
				CLANG_WARN_CONSTANT_CONVERSION = YES;
				CLANG_WARN_DEPRECATED_OBJC_IMPLEMENTATIONS = YES;
				CLANG_WARN_DIRECT_OBJC_ISA_USAGE = YES_ERROR;
				CLANG_WARN_DOCUMENTATION_COMMENTS = YES;
				CLANG_WARN_EMPTY_BODY = YES;
				CLANG_WARN_ENUM_CONVERSION = YES;
				CLANG_WARN_INFINITE_RECURSION = YES;
				CLANG_WARN_INT_CONVERSION = YES;
				CLANG_WARN_NON_LITERAL_NULL_CONVERSION = YES;
				CLANG_WARN_OBJC_IMPLICIT_RETAIN_SELF = YES;
				CLANG_WARN_OBJC_LITERAL_CONVERSION = YES;
				CLANG_WARN_OBJC_ROOT_CLASS = YES_ERROR;
				CLANG_WARN_QUOTED_INCLUDE_IN_FRAMEWORK_HEADER = YES;
				CLANG_WARN_RANGE_LOOP_ANALYSIS = YES;
				CLANG_WARN_STRICT_PROTOTYPES = YES;
				CLANG_WARN_SUSPICIOUS_MOVE = YES;
				CLANG_WARN_UNGUARDED_AVAILABILITY = YES_AGGRESSIVE;
				CLANG_WARN_UNREACHABLE_CODE = YES;
				CLANG_WARN__DUPLICATE_METHOD_MATCH = YES;
				COPY_PHASE_STRIP = NO;
				DEBUG_INFORMATION_FORMAT = dwarf;
				ENABLE_STRICT_OBJC_MSGSEND = YES;
				ENABLE_TESTABILITY = YES;
				GCC_C_LANGUAGE_STANDARD = gnu11;
				GCC_DYNAMIC_NO_PIC = NO;
				GCC_NO_COMMON_BLOCKS = YES;
				GCC_OPTIMIZATION_LEVEL = 0;
				GCC_PREPROCESSOR_DEFINITIONS = (
					"DEBUG=1",
					"$(inherited)",
				);
				GCC_WARN_64_TO_32_BIT_CONVERSION = YES;
				GCC_WARN_ABOUT_RETURN_TYPE = YES_ERROR;
				GCC_WARN_UNDECLARED_SELECTOR = YES;
				GCC_WARN_UNINITIALIZED_AUTOS = YES_AGGRESSIVE;
				GCC_WARN_UNUSED_FUNCTION = YES;
				GCC_WARN_UNUSED_VARIABLE = YES;
				IPHONEOS_DEPLOYMENT_TARGET = 16.2;
				MTL_ENABLE_DEBUG_INFO = INCLUDE_SOURCE;
				MTL_FAST_MATH = YES;
				ONLY_ACTIVE_ARCH = YES;
				SDKROOT = iphoneos;
				SWIFT_ACTIVE_COMPILATION_CONDITIONS = DEBUG;
				SWIFT_OPTIMIZATION_LEVEL = "-Onone";
			};
			name = Debug;
		};
		A4E00C9B2B6B9CFD00586840 /* Release */ = {
			isa = XCBuildConfiguration;
			buildSettings = {
				ALWAYS_SEARCH_USER_PATHS = NO;
				CLANG_ANALYZER_NONNULL = YES;
				CLANG_ANALYZER_NUMBER_OBJECT_CONVERSION = YES_AGGRESSIVE;
				CLANG_CXX_LANGUAGE_STANDARD = "gnu++20";
				CLANG_ENABLE_MODULES = YES;
				CLANG_ENABLE_OBJC_ARC = YES;
				CLANG_ENABLE_OBJC_WEAK = YES;
				CLANG_WARN_BLOCK_CAPTURE_AUTORELEASING = YES;
				CLANG_WARN_BOOL_CONVERSION = YES;
				CLANG_WARN_COMMA = YES;
				CLANG_WARN_CONSTANT_CONVERSION = YES;
				CLANG_WARN_DEPRECATED_OBJC_IMPLEMENTATIONS = YES;
				CLANG_WARN_DIRECT_OBJC_ISA_USAGE = YES_ERROR;
				CLANG_WARN_DOCUMENTATION_COMMENTS = YES;
				CLANG_WARN_EMPTY_BODY = YES;
				CLANG_WARN_ENUM_CONVERSION = YES;
				CLANG_WARN_INFINITE_RECURSION = YES;
				CLANG_WARN_INT_CONVERSION = YES;
				CLANG_WARN_NON_LITERAL_NULL_CONVERSION = YES;
				CLANG_WARN_OBJC_IMPLICIT_RETAIN_SELF = YES;
				CLANG_WARN_OBJC_LITERAL_CONVERSION = YES;
				CLANG_WARN_OBJC_ROOT_CLASS = YES_ERROR;
				CLANG_WARN_QUOTED_INCLUDE_IN_FRAMEWORK_HEADER = YES;
				CLANG_WARN_RANGE_LOOP_ANALYSIS = YES;
				CLANG_WARN_STRICT_PROTOTYPES = YES;
				CLANG_WARN_SUSPICIOUS_MOVE = YES;
				CLANG_WARN_UNGUARDED_AVAILABILITY = YES_AGGRESSIVE;
				CLANG_WARN_UNREACHABLE_CODE = YES;
				CLANG_WARN__DUPLICATE_METHOD_MATCH = YES;
				COPY_PHASE_STRIP = NO;
				DEBUG_INFORMATION_FORMAT = "dwarf-with-dsym";
				ENABLE_NS_ASSERTIONS = NO;
				ENABLE_STRICT_OBJC_MSGSEND = YES;
				GCC_C_LANGUAGE_STANDARD = gnu11;
				GCC_NO_COMMON_BLOCKS = YES;
				GCC_WARN_64_TO_32_BIT_CONVERSION = YES;
				GCC_WARN_ABOUT_RETURN_TYPE = YES_ERROR;
				GCC_WARN_UNDECLARED_SELECTOR = YES;
				GCC_WARN_UNINITIALIZED_AUTOS = YES_AGGRESSIVE;
				GCC_WARN_UNUSED_FUNCTION = YES;
				GCC_WARN_UNUSED_VARIABLE = YES;
				IPHONEOS_DEPLOYMENT_TARGET = 16.2;
				MTL_ENABLE_DEBUG_INFO = NO;
				MTL_FAST_MATH = YES;
				SDKROOT = iphoneos;
				SWIFT_COMPILATION_MODE = wholemodule;
				SWIFT_OPTIMIZATION_LEVEL = "-O";
				VALIDATE_PRODUCT = YES;
			};
			name = Release;
		};
		A4E00C9D2B6B9CFD00586840 /* Debug */ = {
			isa = XCBuildConfiguration;
			buildSettings = {
				ASSETCATALOG_COMPILER_APPICON_NAME = AppIcon;
				ASSETCATALOG_COMPILER_GLOBAL_ACCENT_COLOR_NAME = AccentColor;
				CODE_SIGN_STYLE = Automatic;
				CURRENT_PROJECT_VERSION = 1;
				GENERATE_INFOPLIST_FILE = YES;
				INFOPLIST_FILE = "Appcircle-Test-iOS/Info.plist";
				INFOPLIST_KEY_UIApplicationSupportsIndirectInputEvents = YES;
				INFOPLIST_KEY_UILaunchStoryboardName = LaunchScreen;
				INFOPLIST_KEY_UIMainStoryboardFile = Main;
				INFOPLIST_KEY_UISupportedInterfaceOrientations_iPad = "UIInterfaceOrientationPortrait UIInterfaceOrientationPortraitUpsideDown UIInterfaceOrientationLandscapeLeft UIInterfaceOrientationLandscapeRight";
				INFOPLIST_KEY_UISupportedInterfaceOrientations_iPhone = "UIInterfaceOrientationPortrait UIInterfaceOrientationLandscapeLeft UIInterfaceOrientationLandscapeRight";
				LD_RUNPATH_SEARCH_PATHS = (
					"$(inherited)",
					"@executable_path/Frameworks",
				);
				MARKETING_VERSION = 1.0;
				PRODUCT_BUNDLE_IDENTIFIER = "test.Appcircle-Test-iOS";
				PRODUCT_NAME = "$(TARGET_NAME)";
				SWIFT_EMIT_LOC_STRINGS = YES;
				SWIFT_VERSION = 5.0;
				TARGETED_DEVICE_FAMILY = "1,2";
			};
			name = Debug;
		};
		A4E00C9E2B6B9CFD00586840 /* Release */ = {
			isa = XCBuildConfiguration;
			buildSettings = {
				ASSETCATALOG_COMPILER_APPICON_NAME = AppIcon;
				ASSETCATALOG_COMPILER_GLOBAL_ACCENT_COLOR_NAME = AccentColor;
				CODE_SIGN_STYLE = Automatic;
				CURRENT_PROJECT_VERSION = 1;
				GENERATE_INFOPLIST_FILE = YES;
				INFOPLIST_FILE = "Appcircle-Test-iOS/Info.plist";
				INFOPLIST_KEY_UIApplicationSupportsIndirectInputEvents = YES;
				INFOPLIST_KEY_UILaunchStoryboardName = LaunchScreen;
				INFOPLIST_KEY_UIMainStoryboardFile = Main;
				INFOPLIST_KEY_UISupportedInterfaceOrientations_iPad = "UIInterfaceOrientationPortrait UIInterfaceOrientationPortraitUpsideDown UIInterfaceOrientationLandscapeLeft UIInterfaceOrientationLandscapeRight";
				INFOPLIST_KEY_UISupportedInterfaceOrientations_iPhone = "UIInterfaceOrientationPortrait UIInterfaceOrientationLandscapeLeft UIInterfaceOrientationLandscapeRight";
				LD_RUNPATH_SEARCH_PATHS = (
					"$(inherited)",
					"@executable_path/Frameworks",
				);
				MARKETING_VERSION = 1.0;
				PRODUCT_BUNDLE_IDENTIFIER = "test.Appcircle-Test-iOS";
				PRODUCT_NAME = "$(TARGET_NAME)";
				SWIFT_EMIT_LOC_STRINGS = YES;
				SWIFT_VERSION = 5.0;
				TARGETED_DEVICE_FAMILY = "1,2";
			};
			name = Release;
		};
		A4E00CA02B6B9CFD00586840 /* Debug */ = {
			isa = XCBuildConfiguration;
			buildSettings = {
				ALWAYS_EMBED_SWIFT_STANDARD_LIBRARIES = YES;
				BUNDLE_LOADER = "$(TEST_HOST)";
				CODE_SIGN_STYLE = Automatic;
				CURRENT_PROJECT_VERSION = 1;
				GENERATE_INFOPLIST_FILE = YES;
				IPHONEOS_DEPLOYMENT_TARGET = 16.2;
				MARKETING_VERSION = 1.0;
				PRODUCT_BUNDLE_IDENTIFIER = "test.Appcircle-Test-iOSTests";
				PRODUCT_NAME = "$(TARGET_NAME)";
				SWIFT_EMIT_LOC_STRINGS = NO;
				SWIFT_VERSION = 5.0;
				TARGETED_DEVICE_FAMILY = "1,2";
				TEST_HOST = "$(BUILT_PRODUCTS_DIR)/Appcircle-Test-iOS.app/$(BUNDLE_EXECUTABLE_FOLDER_PATH)/Appcircle-Test-iOS";
			};
			name = Debug;
		};
		A4E00CA12B6B9CFD00586840 /* Release */ = {
			isa = XCBuildConfiguration;
			buildSettings = {
				ALWAYS_EMBED_SWIFT_STANDARD_LIBRARIES = YES;
				BUNDLE_LOADER = "$(TEST_HOST)";
				CODE_SIGN_STYLE = Automatic;
				CURRENT_PROJECT_VERSION = 1;
				GENERATE_INFOPLIST_FILE = YES;
				IPHONEOS_DEPLOYMENT_TARGET = 16.2;
				MARKETING_VERSION = 1.0;
				PRODUCT_BUNDLE_IDENTIFIER = "test.Appcircle-Test-iOSTests";
				PRODUCT_NAME = "$(TARGET_NAME)";
				SWIFT_EMIT_LOC_STRINGS = NO;
				SWIFT_VERSION = 5.0;
				TARGETED_DEVICE_FAMILY = "1,2";
				TEST_HOST = "$(BUILT_PRODUCTS_DIR)/Appcircle-Test-iOS.app/$(BUNDLE_EXECUTABLE_FOLDER_PATH)/Appcircle-Test-iOS";
			};
			name = Release;
		};
		A4E00CA32B6B9CFD00586840 /* Debug */ = {
			isa = XCBuildConfiguration;
			buildSettings = {
				ALWAYS_EMBED_SWIFT_STANDARD_LIBRARIES = YES;
				CODE_SIGN_STYLE = Automatic;
				CURRENT_PROJECT_VERSION = 1;
				GENERATE_INFOPLIST_FILE = YES;
				MARKETING_VERSION = 1.0;
				PRODUCT_BUNDLE_IDENTIFIER = "test.Appcircle-Test-iOSUITests";
				PRODUCT_NAME = "$(TARGET_NAME)";
				SWIFT_EMIT_LOC_STRINGS = NO;
				SWIFT_VERSION = 5.0;
				TARGETED_DEVICE_FAMILY = "1,2";
				TEST_TARGET_NAME = "Appcircle-Test-iOS";
			};
			name = Debug;
		};
		A4E00CA42B6B9CFD00586840 /* Release */ = {
			isa = XCBuildConfiguration;
			buildSettings = {
				ALWAYS_EMBED_SWIFT_STANDARD_LIBRARIES = YES;
				CODE_SIGN_STYLE = Automatic;
				CURRENT_PROJECT_VERSION = 1;
				GENERATE_INFOPLIST_FILE = YES;
				MARKETING_VERSION = 1.0;
				PRODUCT_BUNDLE_IDENTIFIER = "test.Appcircle-Test-iOSUITests";
				PRODUCT_NAME = "$(TARGET_NAME)";
				SWIFT_EMIT_LOC_STRINGS = NO;
				SWIFT_VERSION = 5.0;
				TARGETED_DEVICE_FAMILY = "1,2";
				TEST_TARGET_NAME = "Appcircle-Test-iOS";
			};
			name = Release;
		};
/* End XCBuildConfiguration section */

/* Begin XCConfigurationList section */
		A4E00C6D2B6B9CFC00586840 /* Build configuration list for PBXProject "Appcircle-Test-iOS" */ = {
			isa = XCConfigurationList;
			buildConfigurations = (
				A4E00C9A2B6B9CFD00586840 /* Debug */,
				A4E00C9B2B6B9CFD00586840 /* Release */,
			);
			defaultConfigurationIsVisible = 0;
			defaultConfigurationName = Release;
		};
		A4E00C9C2B6B9CFD00586840 /* Build configuration list for PBXNativeTarget "Appcircle-Test-iOS" */ = {
			isa = XCConfigurationList;
			buildConfigurations = (
				A4E00C9D2B6B9CFD00586840 /* Debug */,
				A4E00C9E2B6B9CFD00586840 /* Release */,
			);
			defaultConfigurationIsVisible = 0;
			defaultConfigurationName = Release;
		};
		A4E00C9F2B6B9CFD00586840 /* Build configuration list for PBXNativeTarget "Appcircle-Test-iOSTests" */ = {
			isa = XCConfigurationList;
			buildConfigurations = (
				A4E00CA02B6B9CFD00586840 /* Debug */,
				A4E00CA12B6B9CFD00586840 /* Release */,
			);
			defaultConfigurationIsVisible = 0;
			defaultConfigurationName = Release;
		};
		A4E00CA22B6B9CFD00586840 /* Build configuration list for PBXNativeTarget "Appcircle-Test-iOSUITests" */ = {
			isa = XCConfigurationList;
			buildConfigurations = (
				A4E00CA32B6B9CFD00586840 /* Debug */,
				A4E00CA42B6B9CFD00586840 /* Release */,
			);
			defaultConfigurationIsVisible = 0;
			defaultConfigurationName = Release;
		};
/* End XCConfigurationList section */
	};
	rootObject = A4E00C6A2B6B9CFC00586840 /* Project object */;
}
